
Microsoft Visual Studio Solution File, Format Version 12.00
Project("{FAE04EC0-301F-11D3-BF4B-00C04F79EFBC}") = "Xamarin_Forms_SQLite", "Xamarin_Forms_SQLite\Xamarin_Forms_SQLite\Xamarin_Forms_SQLite.csproj", "{9854017A-EE75-43DE-85C4-425CF34DBB87}"
EndProject
Project("{FAE04EC0-301F-11D3-BF4B-00C04F79EFBC}") = "Xamarin_Forms_SQLite.Droid", "Xamarin_Forms_SQLite\Xamarin_Forms_SQLite.Droid\Xamarin_Forms_SQLite.Droid.csproj", "{80F3941F-481A-4888-B264-6E2177011042}"
EndProject
Project("{FAE04EC0-301F-11D3-BF4B-00C04F79EFBC}") = "Xamarin_Forms_SQLite.iOS", "Xamarin_Forms_SQLite\Xamarin_Forms_SQLite.iOS\Xamarin_Forms_SQLite.iOS.csproj", "{37D4961A-4F89-490F-A7EB-78DB093CBAF5}"
EndProject
Global
	GlobalSection(SolutionConfigurationPlatforms) = preSolution
		Ad-Hoc|iPhone = Ad-Hoc|iPhone
		AppStore|iPhone = AppStore|iPhone
		Debug|Any CPU = Debug|Any CPU
		Debug|iPhone = Debug|iPhone
		Debug|iPhoneSimulator = Debug|iPhoneSimulator
		Release|Any CPU = Release|Any CPU
		Release|iPhone = Release|iPhone
		Release|iPhoneSimulator = Release|iPhoneSimulator
	EndGlobalSection
	GlobalSection(ProjectConfigurationPlatforms) = postSolution
		{9854017A-EE75-43DE-85C4-425CF34DBB87}.Ad-Hoc|iPhone.ActiveCfg = Debug|Any CPU
		{9854017A-EE75-43DE-85C4-425CF34DBB87}.Ad-Hoc|iPhone.Build.0 = Debug|Any CPU
		{9854017A-EE75-43DE-85C4-425CF34DBB87}.AppStore|iPhone.ActiveCfg = Debug|Any CPU
		{9854017A-EE75-43DE-85C4-425CF34DBB87}.AppStore|iPhone.Build.0 = Debug|Any CPU
		{9854017A-EE75-43DE-85C4-425CF34DBB87}.Debug|Any CPU.ActiveCfg = Debug|Any CPU
		{9854017A-EE75-43DE-85C4-425CF34DBB87}.Debug|Any CPU.Build.0 = Debug|Any CPU
		{9854017A-EE75-43DE-85C4-425CF34DBB87}.Debug|iPhone.ActiveCfg = Debug|Any CPU
		{9854017A-EE75-43DE-85C4-425CF34DBB87}.Debug|iPhone.Build.0 = Debug|Any CPU
		{9854017A-EE75-43DE-85C4-425CF34DBB87}.Debug|iPhoneSimulator.ActiveCfg = Debug|Any CPU
		{9854017A-EE75-43DE-85C4-425CF34DBB87}.Debug|iPhoneSimulator.Build.0 = Debug|Any CPU
		{9854017A-EE75-43DE-85C4-425CF34DBB87}.Release|Any CPU.ActiveCfg = Release|Any CPU
		{9854017A-EE75-43DE-85C4-425CF34DBB87}.Release|Any CPU.Build.0 = Release|Any CPU
		{9854017A-EE75-43DE-85C4-425CF34DBB87}.Release|iPhone.ActiveCfg = Release|Any CPU
		{9854017A-EE75-43DE-85C4-425CF34DBB87}.Release|iPhone.Build.0 = Release|Any CPU
		{9854017A-EE75-43DE-85C4-425CF34DBB87}.Release|iPhoneSimulator.ActiveCfg = Release|Any CPU
		{9854017A-EE75-43DE-85C4-425CF34DBB87}.Release|iPhoneSimulator.Build.0 = Release|Any CPU
		{80F3941F-481A-4888-B264-6E2177011042}.Ad-Hoc|iPhone.ActiveCfg = Debug|Any CPU
		{80F3941F-481A-4888-B264-6E2177011042}.Ad-Hoc|iPhone.Build.0 = Debug|Any CPU
		{80F3941F-481A-4888-B264-6E2177011042}.Ad-Hoc|iPhone.Deploy.0 = Debug|Any CPU
		{80F3941F-481A-4888-B264-6E2177011042}.AppStore|iPhone.ActiveCfg = Debug|Any CPU
		{80F3941F-481A-4888-B264-6E2177011042}.AppStore|iPhone.Build.0 = Debug|Any CPU
		{80F3941F-481A-4888-B264-6E2177011042}.AppStore|iPhone.Deploy.0 = Debug|Any CPU
		{80F3941F-481A-4888-B264-6E2177011042}.Debug|Any CPU.ActiveCfg = Debug|Any CPU
		{80F3941F-481A-4888-B264-6E2177011042}.Debug|Any CPU.Build.0 = Debug|Any CPU
		{80F3941F-481A-4888-B264-6E2177011042}.Debug|Any CPU.Deploy.0 = Debug|Any CPU
		{80F3941F-481A-4888-B264-6E2177011042}.Debug|iPhone.ActiveCfg = Debug|Any CPU
		{80F3941F-481A-4888-B264-6E2177011042}.Debug|iPhone.Build.0 = Debug|Any CPU
		{80F3941F-481A-4888-B264-6E2177011042}.Debug|iPhone.Deploy.0 = Debug|Any CPU
		{80F3941F-481A-4888-B264-6E2177011042}.Debug|iPhoneSimulator.ActiveCfg = Debug|Any CPU
		{80F3941F-481A-4888-B264-6E2177011042}.Debug|iPhoneSimulator.Build.0 = Debug|Any CPU
		{80F3941F-481A-4888-B264-6E2177011042}.Debug|iPhoneSimulator.Deploy.0 = Debug|Any CPU
		{80F3941F-481A-4888-B264-6E2177011042}.Release|Any CPU.ActiveCfg = Release|Any CPU
		{80F3941F-481A-4888-B264-6E2177011042}.Release|Any CPU.Build.0 = Release|Any CPU
		{80F3941F-481A-4888-B264-6E2177011042}.Release|Any CPU.Deploy.0 = Release|Any CPU
		{80F3941F-481A-4888-B264-6E2177011042}.Release|iPhone.ActiveCfg = Release|Any CPU
		{80F3941F-481A-4888-B264-6E2177011042}.Release|iPhone.Build.0 = Release|Any CPU
		{80F3941F-481A-4888-B264-6E2177011042}.Release|iPhone.Deploy.0 = Release|Any CPU
		{80F3941F-481A-4888-B264-6E2177011042}.Release|iPhoneSimulator.ActiveCfg = Release|Any CPU
		{80F3941F-481A-4888-B264-6E2177011042}.Release|iPhoneSimulator.Build.0 = Release|Any CPU
		{80F3941F-481A-4888-B264-6E2177011042}.Release|iPhoneSimulator.Deploy.0 = Release|Any CPU
		{37D4961A-4F89-490F-A7EB-78DB093CBAF5}.Ad-Hoc|iPhone.ActiveCfg = Ad-Hoc|iPhone
		{37D4961A-4F89-490F-A7EB-78DB093CBAF5}.Ad-Hoc|iPhone.Build.0 = Ad-Hoc|iPhone
		{37D4961A-4F89-490F-A7EB-78DB093CBAF5}.Ad-Hoc|iPhone.Deploy.0 = Ad-Hoc|iPhone
		{37D4961A-4F89-490F-A7EB-78DB093CBAF5}.AppStore|iPhone.ActiveCfg = AppStore|iPhone
		{37D4961A-4F89-490F-A7EB-78DB093CBAF5}.AppStore|iPhone.Build.0 = AppStore|iPhone
		{37D4961A-4F89-490F-A7EB-78DB093CBAF5}.AppStore|iPhone.Deploy.0 = AppStore|iPhone
		{37D4961A-4F89-490F-A7EB-78DB093CBAF5}.Debug|Any CPU.ActiveCfg = Debug|iPhoneSimulator
		{37D4961A-4F89-490F-A7EB-78DB093CBAF5}.Debug|Any CPU.Build.0 = Debug|iPhoneSimulator
		{37D4961A-4F89-490F-A7EB-78DB093CBAF5}.Debug|Any CPU.Deploy.0 = Debug|iPhoneSimulator
		{37D4961A-4F89-490F-A7EB-78DB093CBAF5}.Debug|iPhone.ActiveCfg = Debug|iPhone
		{37D4961A-4F89-490F-A7EB-78DB093CBAF5}.Debug|iPhone.Build.0 = Debug|iPhone
		{37D4961A-4F89-490F-A7EB-78DB093CBAF5}.Debug|iPhone.Deploy.0 = Debug|iPhone
		{37D4961A-4F89-490F-A7EB-78DB093CBAF5}.Debug|iPhoneSimulator.ActiveCfg = Debug|iPhoneSimulator
		{37D4961A-4F89-490F-A7EB-78DB093CBAF5}.Debug|iPhoneSimulator.Build.0 = Debug|iPhoneSimulator
		{37D4961A-4F89-490F-A7EB-78DB093CBAF5}.Debug|iPhoneSimulator.Deploy.0 = Debug|iPhoneSimulator
		{37D4961A-4F89-490F-A7EB-78DB093CBAF5}.Release|Any CPU.ActiveCfg = Release|iPhoneSimulator
		{37D4961A-4F89-490F-A7EB-78DB093CBAF5}.Release|Any CPU.Build.0 = Release|iPhoneSimulator
		{37D4961A-4F89-490F-A7EB-78DB093CBAF5}.Release|Any CPU.Deploy.0 = Release|iPhoneSimulator
		{37D4961A-4F89-490F-A7EB-78DB093CBAF5}.Release|iPhone.ActiveCfg = Release|iPhone
		{37D4961A-4F89-490F-A7EB-78DB093CBAF5}.Release|iPhone.Build.0 = Release|iPhone
		{37D4961A-4F89-490F-A7EB-78DB093CBAF5}.Release|iPhone.Deploy.0 = Release|iPhone
		{37D4961A-4F89-490F-A7EB-78DB093CBAF5}.Release|iPhoneSimulator.ActiveCfg = Release|iPhoneSimulator
		{37D4961A-4F89-490F-A7EB-78DB093CBAF5}.Release|iPhoneSimulator.Build.0 = Release|iPhoneSimulator
		{37D4961A-4F89-490F-A7EB-78DB093CBAF5}.Release|iPhoneSimulator.Deploy.0 = Release|iPhoneSimulator
	EndGlobalSection
EndGlobal
